
Microsoft Visual Studio Solution File, Format Version 12.00
# Visual Studio Version 17
VisualStudioVersion = 17.14.36518.9 d17.14
MinimumVisualStudioVersion = 10.0.40219.1
Project("{FAE04EC0-301F-11D3-BF4B-00C04F79EFBC}") = "EmguCV_NesneTanima", "EmguCV_NesneTanima\EmguCV_NesneTanima.csproj", "{474748E6-4B5B-41CD-8C4D-F2B54F1AD81C}"
EndProject
Global
	GlobalSection(SolutionConfigurationPlatforms) = preSolution
		Debug|Any CPU = Debug|Any CPU
		Release|Any CPU = Release|Any CPU
	EndGlobalSection
	GlobalSection(ProjectConfigurationPlatforms) = postSolution
		{474748E6-4B5B-41CD-8C4D-F2B54F1AD81C}.Debug|Any CPU.ActiveCfg = Debug|Any CPU
		{474748E6-4B5B-41CD-8C4D-F2B54F1AD81C}.Debug|Any CPU.Build.0 = Debug|Any CPU
		{474748E6-4B5B-41CD-8C4D-F2B54F1AD81C}.Release|Any CPU.ActiveCfg = Release|Any CPU
		{474748E6-4B5B-41CD-8C4D-F2B54F1AD81C}.Release|Any CPU.Build.0 = Release|Any CPU
	EndGlobalSection
	GlobalSection(SolutionProperties) = preSolution
		HideSolutionNode = FALSE
	EndGlobalSection
	GlobalSection(ExtensibilityGlobals) = postSolution
		SolutionGuid = {B11B5F8C-EB74-4DB9-8A8B-55CE13F2BA0D}
	EndGlobalSection
EndGlobal
